%{"amqp": {:hex, :amqp, "1.0.0-pre.2", "952180aac9b3a1faea96522f589327e8286457b8bd0fd84bf0560e06d02f5a5a", [:mix], [{:amqp_client, "~> 3.6.8", [hex: :amqp_client, repo: "hexpm", optional: false]}, {:rabbit_common, "~> 3.6.8", [hex: :rabbit_common, repo: "hexpm", optional: false]}], "hexpm"},
  "amqp_client": {:hex, :amqp_client, "3.6.12", "dfdfe7be661feb96ece404092a47431a73797ad412959732d940f96f80290da0", [:make, :rebar3], [{:rabbit_common, "3.6.12", [hex: :rabbit_common, repo: "hexpm", optional: false]}], "hexpm"},
  "rabbit_common": {:hex, :rabbit_common, "3.6.12", "28dfb9ce4decf64caa9d9e70977ab57af983bc2795fd9db349bfc254a8b45235", [:make, :rebar3], [], "hexpm"}}
